<?xml version="1.0" encoding="utf-8"?>
<Project ToolsVersion="4.0" xmlns="http://schemas.microsoft.com/developer/msbuild/2003">
  <ItemGroup>
    <Filter Include="src">
      <UniqueIdentifier>{4FC737F1-C7A5-4376-A066-2A32D752A2FF}</UniqueIdentifier>
      <Extensions>cpp;c;cc;cxx;c++;cppm;ixx;def;odl;idl;hpj;bat;asm;asmx</Extensions>
    </Filter>
    <Filter Include="src\lib">
      <UniqueIdentifier>{fc8ebe3a-0b52-44a7-a819-4c3abbd55026}</UniqueIdentifier>
    </Filter>
    <Filter Include="res">
      <UniqueIdentifier>{7230547b-293a-4456-a6e3-c77933660280}</UniqueIdentifier>
    </Filter>
    <Filter Include="res\shader">
      <UniqueIdentifier>{5c5e358b-1dca-46f3-a556-4a92a464bf9d}</UniqueIdentifier>
    </Filter>
  </ItemGroup>
  <ItemGroup>
    <ClCompile Include="src\main.cpp">
      <Filter>src</Filter>
    </ClCompile>
    <ClCompile Include="src\lib_2d_game.cpp">
      <Filter>src</Filter>
    </ClCompile>
    <ClCompile Include="src\lib\PSO.cpp">
      <Filter>src\lib</Filter>
    </ClCompile>
    <ClCompile Include="src\lib\Texture.cpp">
      <Filter>src\lib</Filter>
    </ClCompile>
    <ClCompile Include="src\lib\Sprite.cpp">
      <Filter>src\lib</Filter>
    </ClCompile>
    <ClCompile Include="src\lib\Device.cpp">
      <Filter>src\lib</Filter>
    </ClCompile>
    <ClCompile Include="src\lib\CommandQueue.cpp">
      <Filter>src\lib</Filter>
    </ClCompile>
    <ClCompile Include="src\lib\Framebuffer.cpp">
      <Filter>src\lib</Filter>
    </ClCompile>
    <ClCompile Include="src\lib\Font.cpp">
      <Filter>src\lib</Filter>
    </ClCompile>
    <ClCompile Include="src\lib\Audio.cpp">
      <Filter>src\lib</Filter>
    </ClCompile>
  </ItemGroup>
  <ItemGroup>
    <None Include="packages.config" />
  </ItemGroup>
  <ItemGroup>
    <ClInclude Include="src\lib_2d_game.h">
      <Filter>src</Filter>
    </ClInclude>
    <ClInclude Include="src\lib\PSO.h">
      <Filter>src\lib</Filter>
    </ClInclude>
    <ClInclude Include="src\lib\Texture.h">
      <Filter>src\lib</Filter>
    </ClInclude>
    <ClInclude Include="src\lib\Sprite.h">
      <Filter>src\lib</Filter>
    </ClInclude>
    <ClInclude Include="src\lib\Device.h">
      <Filter>src\lib</Filter>
    </ClInclude>
    <ClInclude Include="src\lib\CommandQueue.h">
      <Filter>src\lib</Filter>
    </ClInclude>
    <ClInclude Include="src\lib\Framebuffer.h">
      <Filter>src\lib</Filter>
    </ClInclude>
    <ClInclude Include="src\lib\Font.h">
      <Filter>src\lib</Filter>
    </ClInclude>
    <ClInclude Include="src\lib\Audio.h">
      <Filter>src\lib</Filter>
    </ClInclude>
  </ItemGroup>
</Project>